
Microsoft Visual Studio Solution File, Format Version 12.00
# Visual Studio 14
VisualStudioVersion = 14.0.25420.1
MinimumVisualStudioVersion = 10.0.40219.1
Project("{FAE04EC0-301F-11D3-BF4B-00C04F79EFBC}") = "SAT", "SAT\SAT.csproj", "{222E088E-A800-4922-96B5-A6470D43B3D6}"
EndProject
Project("{FAE04EC0-301F-11D3-BF4B-00C04F79EFBC}") = "ACESSO_DADOS", "ACESSO_DADOS\ACESSO_DADOS.csproj", "{0846D58E-3991-4076-9833-C4B4418E3F11}"
EndProject
Project("{FAE04EC0-301F-11D3-BF4B-00C04F79EFBC}") = "REGRA_NEGOCIOS", "REGRA_NEGOCIOS\REGRA_NEGOCIOS.csproj", "{4B6EEE40-490E-4E17-BBC7-21B3FBE11A41}"
EndProject
Project("{FAE04EC0-301F-11D3-BF4B-00C04F79EFBC}") = "OBJETO_TRANSFERENCIA", "OBJETO_TRANSFERENCIA\OBJETO_TRANSFERENCIA.csproj", "{8E55EDB2-AB90-4806-B074-7A2AF59CCB41}"
EndProject
Project("{FAE04EC0-301F-11D3-BF4B-00C04F79EFBC}") = "IMPRESSORA", "IMPRESSORA\IMPRESSORA.csproj", "{07B70935-7451-4F7D-BD18-5CA8280B8677}"
EndProject
Project("{FAE04EC0-301F-11D3-BF4B-00C04F79EFBC}") = "PRINTAR", "PRINTAR\PRINTAR.csproj", "{DE1E6D49-B676-4048-A8C3-9FF84952EB4B}"
EndProject
Project("{FAE04EC0-301F-11D3-BF4B-00C04F79EFBC}") = "ADMINISTRACAO", "ADMINISTRACAO\ADMINISTRACAO.csproj", "{436CEC1C-CAAC-41A0-A14B-241CD726A9CA}"
EndProject
Project("{FAE04EC0-301F-11D3-BF4B-00C04F79EFBC}") = "ADM", "ADM\ADM.csproj", "{18E13F5A-DBB8-4D5B-B226-B536B3E1161A}"
EndProject
Project("{FAE04EC0-301F-11D3-BF4B-00C04F79EFBC}") = "CONTROLE.OTICA", "CONTROLE.OTICA\CONTROLE.OTICA.csproj", "{37AF1AC3-BE1C-4989-88FC-0F854D8B7929}"
EndProject
Project("{FAE04EC0-301F-11D3-BF4B-00C04F79EFBC}") = "TRIBUTOS_XML", "TRIBUTOS_XML\TRIBUTOS_XML.csproj", "{075E2787-8F5D-428A-810B-60B0AC44EBDE}"
EndProject
Global
	GlobalSection(SolutionConfigurationPlatforms) = preSolution
		Debug|Any CPU = Debug|Any CPU
		Debug|Mixed Platforms = Debug|Mixed Platforms
		Debug|x86 = Debug|x86
		Release|Any CPU = Release|Any CPU
		Release|Mixed Platforms = Release|Mixed Platforms
		Release|x86 = Release|x86
	EndGlobalSection
	GlobalSection(ProjectConfigurationPlatforms) = postSolution
		{222E088E-A800-4922-96B5-A6470D43B3D6}.Debug|Any CPU.ActiveCfg = Debug|x86
		{222E088E-A800-4922-96B5-A6470D43B3D6}.Debug|Mixed Platforms.ActiveCfg = Debug|x86
		{222E088E-A800-4922-96B5-A6470D43B3D6}.Debug|Mixed Platforms.Build.0 = Debug|x86
		{222E088E-A800-4922-96B5-A6470D43B3D6}.Debug|x86.ActiveCfg = Debug|x86
		{222E088E-A800-4922-96B5-A6470D43B3D6}.Debug|x86.Build.0 = Debug|x86
		{222E088E-A800-4922-96B5-A6470D43B3D6}.Release|Any CPU.ActiveCfg = Release|x86
		{222E088E-A800-4922-96B5-A6470D43B3D6}.Release|Mixed Platforms.ActiveCfg = Release|x86
		{222E088E-A800-4922-96B5-A6470D43B3D6}.Release|Mixed Platforms.Build.0 = Release|x86
		{222E088E-A800-4922-96B5-A6470D43B3D6}.Release|x86.ActiveCfg = Release|x86
		{222E088E-A800-4922-96B5-A6470D43B3D6}.Release|x86.Build.0 = Release|x86
		{0846D58E-3991-4076-9833-C4B4418E3F11}.Debug|Any CPU.ActiveCfg = Debug|Any CPU
		{0846D58E-3991-4076-9833-C4B4418E3F11}.Debug|Any CPU.Build.0 = Debug|Any CPU
		{0846D58E-3991-4076-9833-C4B4418E3F11}.Debug|Mixed Platforms.ActiveCfg = Debug|Any CPU
		{0846D58E-3991-4076-9833-C4B4418E3F11}.Debug|Mixed Platforms.Build.0 = Debug|Any CPU
		{0846D58E-3991-4076-9833-C4B4418E3F11}.Debug|x86.ActiveCfg = Debug|Any CPU
		{0846D58E-3991-4076-9833-C4B4418E3F11}.Release|Any CPU.ActiveCfg = Release|Any CPU
		{0846D58E-3991-4076-9833-C4B4418E3F11}.Release|Any CPU.Build.0 = Release|Any CPU
		{0846D58E-3991-4076-9833-C4B4418E3F11}.Release|Mixed Platforms.ActiveCfg = Release|Any CPU
		{0846D58E-3991-4076-9833-C4B4418E3F11}.Release|Mixed Platforms.Build.0 = Release|Any CPU
		{0846D58E-3991-4076-9833-C4B4418E3F11}.Release|x86.ActiveCfg = Release|Any CPU
		{4B6EEE40-490E-4E17-BBC7-21B3FBE11A41}.Debug|Any CPU.ActiveCfg = Debug|Any CPU
		{4B6EEE40-490E-4E17-BBC7-21B3FBE11A41}.Debug|Any CPU.Build.0 = Debug|Any CPU
		{4B6EEE40-490E-4E17-BBC7-21B3FBE11A41}.Debug|Mixed Platforms.ActiveCfg = Debug|Any CPU
		{4B6EEE40-490E-4E17-BBC7-21B3FBE11A41}.Debug|Mixed Platforms.Build.0 = Debug|Any CPU
		{4B6EEE40-490E-4E17-BBC7-21B3FBE11A41}.Debug|x86.ActiveCfg = Debug|Any CPU
		{4B6EEE40-490E-4E17-BBC7-21B3FBE11A41}.Release|Any CPU.ActiveCfg = Release|Any CPU
		{4B6EEE40-490E-4E17-BBC7-21B3FBE11A41}.Release|Any CPU.Build.0 = Release|Any CPU
		{4B6EEE40-490E-4E17-BBC7-21B3FBE11A41}.Release|Mixed Platforms.ActiveCfg = Release|Any CPU
		{4B6EEE40-490E-4E17-BBC7-21B3FBE11A41}.Release|Mixed Platforms.Build.0 = Release|Any CPU
		{4B6EEE40-490E-4E17-BBC7-21B3FBE11A41}.Release|x86.ActiveCfg = Release|Any CPU
		{8E55EDB2-AB90-4806-B074-7A2AF59CCB41}.Debug|Any CPU.ActiveCfg = Debug|Any CPU
		{8E55EDB2-AB90-4806-B074-7A2AF59CCB41}.Debug|Any CPU.Build.0 = Debug|Any CPU
		{8E55EDB2-AB90-4806-B074-7A2AF59CCB41}.Debug|Mixed Platforms.ActiveCfg = Debug|Any CPU
		{8E55EDB2-AB90-4806-B074-7A2AF59CCB41}.Debug|Mixed Platforms.Build.0 = Debug|Any CPU
		{8E55EDB2-AB90-4806-B074-7A2AF59CCB41}.Debug|x86.ActiveCfg = Debug|Any CPU
		{8E55EDB2-AB90-4806-B074-7A2AF59CCB41}.Release|Any CPU.ActiveCfg = Release|Any CPU
		{8E55EDB2-AB90-4806-B074-7A2AF59CCB41}.Release|Any CPU.Build.0 = Release|Any CPU
		{8E55EDB2-AB90-4806-B074-7A2AF59CCB41}.Release|Mixed Platforms.ActiveCfg = Release|Any CPU
		{8E55EDB2-AB90-4806-B074-7A2AF59CCB41}.Release|Mixed Platforms.Build.0 = Release|Any CPU
		{8E55EDB2-AB90-4806-B074-7A2AF59CCB41}.Release|x86.ActiveCfg = Release|Any CPU
		{07B70935-7451-4F7D-BD18-5CA8280B8677}.Debug|Any CPU.ActiveCfg = Debug|Any CPU
		{07B70935-7451-4F7D-BD18-5CA8280B8677}.Debug|Any CPU.Build.0 = Debug|Any CPU
		{07B70935-7451-4F7D-BD18-5CA8280B8677}.Debug|Mixed Platforms.ActiveCfg = Debug|Any CPU
		{07B70935-7451-4F7D-BD18-5CA8280B8677}.Debug|Mixed Platforms.Build.0 = Debug|Any CPU
		{07B70935-7451-4F7D-BD18-5CA8280B8677}.Debug|x86.ActiveCfg = Debug|Any CPU
		{07B70935-7451-4F7D-BD18-5CA8280B8677}.Release|Any CPU.ActiveCfg = Release|Any CPU
		{07B70935-7451-4F7D-BD18-5CA8280B8677}.Release|Any CPU.Build.0 = Release|Any CPU
		{07B70935-7451-4F7D-BD18-5CA8280B8677}.Release|Mixed Platforms.ActiveCfg = Release|Any CPU
		{07B70935-7451-4F7D-BD18-5CA8280B8677}.Release|Mixed Platforms.Build.0 = Release|Any CPU
		{07B70935-7451-4F7D-BD18-5CA8280B8677}.Release|x86.ActiveCfg = Release|Any CPU
		{DE1E6D49-B676-4048-A8C3-9FF84952EB4B}.Debug|Any CPU.ActiveCfg = Debug|Any CPU
		{DE1E6D49-B676-4048-A8C3-9FF84952EB4B}.Debug|Any CPU.Build.0 = Debug|Any CPU
		{DE1E6D49-B676-4048-A8C3-9FF84952EB4B}.Debug|Mixed Platforms.ActiveCfg = Debug|Any CPU
		{DE1E6D49-B676-4048-A8C3-9FF84952EB4B}.Debug|Mixed Platforms.Build.0 = Debug|Any CPU
		{DE1E6D49-B676-4048-A8C3-9FF84952EB4B}.Debug|x86.ActiveCfg = Debug|Any CPU
		{DE1E6D49-B676-4048-A8C3-9FF84952EB4B}.Debug|x86.Build.0 = Debug|Any CPU
		{DE1E6D49-B676-4048-A8C3-9FF84952EB4B}.Release|Any CPU.ActiveCfg = Release|Any CPU
		{DE1E6D49-B676-4048-A8C3-9FF84952EB4B}.Release|Any CPU.Build.0 = Release|Any CPU
		{DE1E6D49-B676-4048-A8C3-9FF84952EB4B}.Release|Mixed Platforms.ActiveCfg = Release|Any CPU
		{DE1E6D49-B676-4048-A8C3-9FF84952EB4B}.Release|Mixed Platforms.Build.0 = Release|Any CPU
		{DE1E6D49-B676-4048-A8C3-9FF84952EB4B}.Release|x86.ActiveCfg = Release|Any CPU
		{DE1E6D49-B676-4048-A8C3-9FF84952EB4B}.Release|x86.Build.0 = Release|Any CPU
		{436CEC1C-CAAC-41A0-A14B-241CD726A9CA}.Debug|Any CPU.ActiveCfg = Debug|Any CPU
		{436CEC1C-CAAC-41A0-A14B-241CD726A9CA}.Debug|Any CPU.Build.0 = Debug|Any CPU
		{436CEC1C-CAAC-41A0-A14B-241CD726A9CA}.Debug|Mixed Platforms.ActiveCfg = Debug|Any CPU
		{436CEC1C-CAAC-41A0-A14B-241CD726A9CA}.Debug|Mixed Platforms.Build.0 = Debug|Any CPU
		{436CEC1C-CAAC-41A0-A14B-241CD726A9CA}.Debug|x86.ActiveCfg = Debug|Any CPU
		{436CEC1C-CAAC-41A0-A14B-241CD726A9CA}.Debug|x86.Build.0 = Debug|Any CPU
		{436CEC1C-CAAC-41A0-A14B-241CD726A9CA}.Release|Any CPU.ActiveCfg = Release|Any CPU
		{436CEC1C-CAAC-41A0-A14B-241CD726A9CA}.Release|Any CPU.Build.0 = Release|Any CPU
		{436CEC1C-CAAC-41A0-A14B-241CD726A9CA}.Release|Mixed Platforms.ActiveCfg = Release|Any CPU
		{436CEC1C-CAAC-41A0-A14B-241CD726A9CA}.Release|Mixed Platforms.Build.0 = Release|Any CPU
		{436CEC1C-CAAC-41A0-A14B-241CD726A9CA}.Release|x86.ActiveCfg = Release|Any CPU
		{436CEC1C-CAAC-41A0-A14B-241CD726A9CA}.Release|x86.Build.0 = Release|Any CPU
		{18E13F5A-DBB8-4D5B-B226-B536B3E1161A}.Debug|Any CPU.ActiveCfg = Debug|Any CPU
		{18E13F5A-DBB8-4D5B-B226-B536B3E1161A}.Debug|Any CPU.Build.0 = Debug|Any CPU
		{18E13F5A-DBB8-4D5B-B226-B536B3E1161A}.Debug|Mixed Platforms.ActiveCfg = Debug|Any CPU
		{18E13F5A-DBB8-4D5B-B226-B536B3E1161A}.Debug|Mixed Platforms.Build.0 = Debug|Any CPU
		{18E13F5A-DBB8-4D5B-B226-B536B3E1161A}.Debug|x86.ActiveCfg = Debug|Any CPU
		{18E13F5A-DBB8-4D5B-B226-B536B3E1161A}.Debug|x86.Build.0 = Debug|Any CPU
		{18E13F5A-DBB8-4D5B-B226-B536B3E1161A}.Release|Any CPU.ActiveCfg = Release|Any CPU
		{18E13F5A-DBB8-4D5B-B226-B536B3E1161A}.Release|Any CPU.Build.0 = Release|Any CPU
		{18E13F5A-DBB8-4D5B-B226-B536B3E1161A}.Release|Mixed Platforms.ActiveCfg = Release|Any CPU
		{18E13F5A-DBB8-4D5B-B226-B536B3E1161A}.Release|Mixed Platforms.Build.0 = Release|Any CPU
		{18E13F5A-DBB8-4D5B-B226-B536B3E1161A}.Release|x86.ActiveCfg = Release|Any CPU
		{18E13F5A-DBB8-4D5B-B226-B536B3E1161A}.Release|x86.Build.0 = Release|Any CPU
		{37AF1AC3-BE1C-4989-88FC-0F854D8B7929}.Debug|Any CPU.ActiveCfg = Debug|Any CPU
		{37AF1AC3-BE1C-4989-88FC-0F854D8B7929}.Debug|Any CPU.Build.0 = Debug|Any CPU
		{37AF1AC3-BE1C-4989-88FC-0F854D8B7929}.Debug|Mixed Platforms.ActiveCfg = Debug|Any CPU
		{37AF1AC3-BE1C-4989-88FC-0F854D8B7929}.Debug|Mixed Platforms.Build.0 = Debug|Any CPU
		{37AF1AC3-BE1C-4989-88FC-0F854D8B7929}.Debug|x86.ActiveCfg = Debug|Any CPU
		{37AF1AC3-BE1C-4989-88FC-0F854D8B7929}.Debug|x86.Build.0 = Debug|Any CPU
		{37AF1AC3-BE1C-4989-88FC-0F854D8B7929}.Release|Any CPU.ActiveCfg = Release|Any CPU
		{37AF1AC3-BE1C-4989-88FC-0F854D8B7929}.Release|Any CPU.Build.0 = Release|Any CPU
		{37AF1AC3-BE1C-4989-88FC-0F854D8B7929}.Release|Mixed Platforms.ActiveCfg = Release|Any CPU
		{37AF1AC3-BE1C-4989-88FC-0F854D8B7929}.Release|Mixed Platforms.Build.0 = Release|Any CPU
		{37AF1AC3-BE1C-4989-88FC-0F854D8B7929}.Release|x86.ActiveCfg = Release|Any CPU
		{37AF1AC3-BE1C-4989-88FC-0F854D8B7929}.Release|x86.Build.0 = Release|Any CPU
		{075E2787-8F5D-428A-810B-60B0AC44EBDE}.Debug|Any CPU.ActiveCfg = Debug|Any CPU
		{075E2787-8F5D-428A-810B-60B0AC44EBDE}.Debug|Any CPU.Build.0 = Debug|Any CPU
		{075E2787-8F5D-428A-810B-60B0AC44EBDE}.Debug|Mixed Platforms.ActiveCfg = Debug|Any CPU
		{075E2787-8F5D-428A-810B-60B0AC44EBDE}.Debug|Mixed Platforms.Build.0 = Debug|Any CPU
		{075E2787-8F5D-428A-810B-60B0AC44EBDE}.Debug|x86.ActiveCfg = Debug|Any CPU
		{075E2787-8F5D-428A-810B-60B0AC44EBDE}.Debug|x86.Build.0 = Debug|Any CPU
		{075E2787-8F5D-428A-810B-60B0AC44EBDE}.Release|Any CPU.ActiveCfg = Release|Any CPU
		{075E2787-8F5D-428A-810B-60B0AC44EBDE}.Release|Any CPU.Build.0 = Release|Any CPU
		{075E2787-8F5D-428A-810B-60B0AC44EBDE}.Release|Mixed Platforms.ActiveCfg = Release|Any CPU
		{075E2787-8F5D-428A-810B-60B0AC44EBDE}.Release|Mixed Platforms.Build.0 = Release|Any CPU
		{075E2787-8F5D-428A-810B-60B0AC44EBDE}.Release|x86.ActiveCfg = Release|Any CPU
		{075E2787-8F5D-428A-810B-60B0AC44EBDE}.Release|x86.Build.0 = Release|Any CPU
	EndGlobalSection
	GlobalSection(SolutionProperties) = preSolution
		HideSolutionNode = FALSE
	EndGlobalSection
EndGlobal
